PODS:
  - Alamofire (4.4.0)
  - HandyJSON (1.7.1)
  - Moya/Core (8.0.5):
    - Alamofire (~> 4.1)
    - Result (~> 3.0)
  - Moya/RxSwift (8.0.5):
    - Moya/Core
    - RxSwift (~> 3.0)
  - PKHUD (4.2.3)
  - PopupDialog (0.5.4)
  - Result (3.2.3)
  - RxCocoa (3.5.0):
    - RxSwift (~> 3.4)
  - RxSwift (3.5.0)
  - Whisper (5.0.0)

DEPENDENCIES:
  - Alamofire
  - HandyJSON
  - Moya/RxSwift
  - PKHUD
  - PopupDialog
  - RxCocoa
  - Whisper

SPEC CHECKSUMS:
  Alamofire: dc44b1600b800eb63da6a19039a0083d62a6a62d
  HandyJSON: 54b6ce942795f7b2e61b82fe73cf25d9f139d125
  Moya: c37eec09a098ba9991b5a963b291fc5704bdb9ef
  PKHUD: c7692163a09875cbf15827dc581df3c5cf7f1015
  PopupDialog: 75cf955693590b0cb2fdde00223fb65d99c57247
  Result: 128640a6347e8d2ae48b142556739a2d13f90ce6
  RxCocoa: a0a09f45d0e5b48ecb6a4a7b4b4c89c88d3f633f
  RxSwift: 18ee9d78b45edb3b0b7e79916b47a116e6dbc842
  Whisper: 051f25e704bf8992641ffd28b20d5682ddc5f5d3

PODFILE CHECKSUM: 2e7ac4bcaa3acad786a6960bad80507f458d6cde

COCOAPODS: 1.2.0.beta.1
